{
    "_readme": [
        "This file locks the dependencies of your project to a known state",
        "Read more about it at https://getcomposer.org/doc/01-basic-usage.md#installing-dependencies",
        "This file is @generated automatically"
    ],
    "content-hash": "9c1f65f7e718412c4c054bea7d215f5d",
    "packages": [
        {
            "name": "brezgalov/api-wrapper",
            "version": "v1.0.6",
            "source": {
                "type": "git",
                "url": "https://github.com/Brezgalov/api-wrapper.git",
                "reference": "2e0b488e11b5f2f12f16fe9fbd0d342f31ab7dae"
            },
            "dist": {
                "type": "zip",
                "url": "https://api.github.com/repos/Brezgalov/api-wrapper/zipball/2e0b488e11b5f2f12f16fe9fbd0d342f31ab7dae",
                "reference": "2e0b488e11b5f2f12f16fe9fbd0d342f31ab7dae",
                "shasum": ""
            },
            "require": {
                "ext-curl": "*",
                "php": ">=5.4.0"
            },
            "type": "library",
            "autoload": {
                "psr-4": {
                    "Brezgalov\\ApiWrapper\\": "src/"
                }
            },
            "notification-url": "https://packagist.org/downloads/",
            "license": [
                "MIT"
            ],
            "authors": [
                {
                    "name": "Oleg Brezgalov",
                    "email": "oleg.brezgalov@gmail.com"
                }
            ],
            "description": "Api client base classes",
            "time": "2019-04-24T15:16:10+00:00"
        }
    ],
    "packages-dev": [],
    "aliases": [],
    "minimum-stability": "stable",
    "stability-flags": [],
    "prefer-stable": false,
    "prefer-lowest": false,
    "platform": {
        "php": ">=5.4.0"
    },
    "platform-dev": []
}
